
Microsoft Visual Studio Solution File, Format Version 12.00
# Visual Studio Version 16
VisualStudioVersion = 16.0.31105.61
MinimumVisualStudioVersion = 10.0.40219.1
Project("{FAE04EC0-301F-11D3-BF4B-00C04F79EFBC}") = "CollectionsPractice", "CollectionsPractice\CollectionsPractice.csproj", "{3A45BE16-852A-439D-8F81-E3C9507A60D8}"
EndProject
Project("{FAE04EC0-301F-11D3-BF4B-00C04F79EFBC}") = "CollectionsPractice.Tests", "CollectionsPractice.Tests\CollectionsPractice.Tests.csproj", "{D6829C5D-BE09-4B77-AF14-8603F7794E22}"
EndProject
Global
	GlobalSection(SolutionConfigurationPlatforms) = preSolution
		Debug|Any CPU = Debug|Any CPU
		Release|Any CPU = Release|Any CPU
	EndGlobalSection
	GlobalSection(ProjectConfigurationPlatforms) = postSolution
		{3A45BE16-852A-439D-8F81-E3C9507A60D8}.Debug|Any CPU.ActiveCfg = Debug|Any CPU
		{3A45BE16-852A-439D-8F81-E3C9507A60D8}.Debug|Any CPU.Build.0 = Debug|Any CPU
		{3A45BE16-852A-439D-8F81-E3C9507A60D8}.Release|Any CPU.ActiveCfg = Release|Any CPU
		{3A45BE16-852A-439D-8F81-E3C9507A60D8}.Release|Any CPU.Build.0 = Release|Any CPU
		{D6829C5D-BE09-4B77-AF14-8603F7794E22}.Debug|Any CPU.ActiveCfg = Debug|Any CPU
		{D6829C5D-BE09-4B77-AF14-8603F7794E22}.Debug|Any CPU.Build.0 = Debug|Any CPU
		{D6829C5D-BE09-4B77-AF14-8603F7794E22}.Release|Any CPU.ActiveCfg = Release|Any CPU
		{D6829C5D-BE09-4B77-AF14-8603F7794E22}.Release|Any CPU.Build.0 = Release|Any CPU
	EndGlobalSection
	GlobalSection(SolutionProperties) = preSolution
		HideSolutionNode = FALSE
	EndGlobalSection
	GlobalSection(ExtensibilityGlobals) = postSolution
		SolutionGuid = {E37814DA-F48D-4098-8A55-BA16046A2121}
	EndGlobalSection
EndGlobal
